// !$*UTF8*$!
{
	archiveVersion = 1;
	classes = {
	};
	objectVersion = 46;
	objects = {

/* Begin PBXBuildFile section */
		AC2950FF1E57017300197692 /* main.m in Sources */ = {isa = PBXBuildFile; fileRef = AC2950FE1E57017300197692 /* main.m */; };
		AC2951021E57017300197692 /* AppDelegate.m in Sources */ = {isa = PBXBuildFile; fileRef = AC2951011E57017300197692 /* AppDelegate.m */; };
		AC2951051E57017300197692 /* ViewController.m in Sources */ = {isa = PBXBuildFile; fileRef = AC2951041E57017300197692 /* ViewController.m */; };
		AC2951081E57017300197692 /* Main.storyboard in Resources */ = {isa = PBXBuildFile; fileRef = AC2951061E57017300197692 /* Main.storyboard */; };
		AC29510A1E57017300197692 /* Assets.xcassets in Resources */ = {isa = PBXBuildFile; fileRef = AC2951091E57017300197692 /* Assets.xcassets */; };
		AC29510D1E57017300197692 /* LaunchScreen.storyboard in Resources */ = {isa = PBXBuildFile; fileRef = AC29510B1E57017300197692 /* LaunchScreen.storyboard */; };
		AC2951151E570E6000197692 /* foto3x4.png in Resources */ = {isa = PBXBuildFile; fileRef = AC2951141E570E6000197692 /* foto3x4.png */; };
/* End PBXBuildFile section */

/* Begin PBXFileReference section */
		AC2950FA1E57017300197692 /* MEUS DADOS.app */ = {isa = PBXFileReference; explicitFileType = wrapper.application; includeInIndex = 0; path = "MEUS DADOS.app"; sourceTree = BUILT_PRODUCTS_DIR; };
		AC2950FE1E57017300197692 /* main.m */ = {isa = PBXFileReference; lastKnownFileType = sourcecode.c.objc; path = main.m; sourceTree = "<group>"; };
		AC2951001E57017300197692 /* AppDelegate.h */ = {isa = PBXFileReference; lastKnownFileType = sourcecode.c.h; path = AppDelegate.h; sourceTree = "<group>"; };
		AC2951011E57017300197692 /* AppDelegate.m */ = {isa = PBXFileReference; lastKnownFileType = sourcecode.c.objc; path = AppDelegate.m; sourceTree = "<group>"; };
		AC2951031E57017300197692 /* ViewController.h */ = {isa = PBXFileReference; lastKnownFileType = sourcecode.c.h; path = ViewController.h; sourceTree = "<group>"; };
		AC2951041E57017300197692 /* ViewController.m */ = {isa = PBXFileReference; lastKnownFileType = sourcecode.c.objc; path = ViewController.m; sourceTree = "<group>"; };
		AC2951071E57017300197692 /* Base */ = {isa = PBXFileReference; lastKnownFileType = file.storyboard; name = Base; path = Base.lproj/Main.storyboard; sourceTree = "<group>"; };
		AC2951091E57017300197692 /* Assets.xcassets */ = {isa = PBXFileReference; lastKnownFileType = folder.assetcatalog; path = Assets.xcassets; sourceTree = "<group>"; };
		AC29510C1E57017300197692 /* Base */ = {isa = PBXFileReference; lastKnownFileType = file.storyboard; name = Base; path = Base.lproj/LaunchScreen.storyboard; sourceTree = "<group>"; };
		AC29510E1E57017300197692 /* Info.plist */ = {isa = PBXFileReference; lastKnownFileType = text.plist.xml; path = Info.plist; sourceTree = "<group>"; };
		AC2951141E570E6000197692 /* foto3x4.png */ = {isa = PBXFileReference; lastKnownFileType = image.png; path = foto3x4.png; sourceTree = "<group>"; };
/* End PBXFileReference section */

/* Begin PBXFrameworksBuildPhase section */
		AC2950F71E57017200197692 /* Frameworks */ = {
			isa = PBXFrameworksBuildPhase;
			buildActionMask = 2147483647;
			files = (
			);
			runOnlyForDeploymentPostprocessing = 0;
		};
/* End PBXFrameworksBuildPhase section */

/* Begin PBXGroup section */
		AC2950F11E57017200197692 = {
			isa = PBXGroup;
			children = (
				AC2950FC1E57017300197692 /* MEUS DADOS */,
				AC2950FB1E57017300197692 /* Products */,
			);
			sourceTree = "<group>";
		};
		AC2950FB1E57017300197692 /* Products */ = {
			isa = PBXGroup;
			children = (
				AC2950FA1E57017300197692 /* MEUS DADOS.app */,
			);
			name = Products;
			sourceTree = "<group>";
		};
		AC2950FC1E57017300197692 /* MEUS DADOS */ = {
			isa = PBXGroup;
			children = (
				AC2951001E57017300197692 /* AppDelegate.h */,
				AC2951011E57017300197692 /* AppDelegate.m */,
				AC2951031E57017300197692 /* ViewController.h */,
				AC2951041E57017300197692 /* ViewController.m */,
				AC2951061E57017300197692 /* Main.storyboard */,
				AC2951091E57017300197692 /* Assets.xcassets */,
				AC29510B1E57017300197692 /* LaunchScreen.storyboard */,
				AC2951141E570E6000197692 /* foto3x4.png */,
				AC29510E1E57017300197692 /* Info.plist */,
				AC2950FD1E57017300197692 /* Supporting Files */,
			);
			path = "MEUS DADOS";
			sourceTree = "<group>";
		};
		AC2950FD1E57017300197692 /* Supporting Files */ = {
			isa = PBXGroup;
			children = (
				AC2950FE1E57017300197692 /* main.m */,
			);
			name = "Supporting Files";
			sourceTree = "<group>";
		};
/* End PBXGroup section */

/* Begin PBXNativeTarget section */
		AC2950F91E57017200197692 /* MEUS DADOS */ = {
			isa = PBXNativeTarget;
			buildConfigurationList = AC2951111E57017300197692 /* Build configuration list for PBXNativeTarget "MEUS DADOS" */;
			buildPhases = (
				AC2950F61E57017200197692 /* Sources */,
				AC2950F71E57017200197692 /* Frameworks */,
				AC2950F81E57017200197692 /* Resources */,
			);
			buildRules = (
			);
			dependencies = (
			);
			name = "MEUS DADOS";
			productName = "MEUS DADOS";
			productReference = AC2950FA1E57017300197692 /* MEUS DADOS.app */;
			productType = "com.apple.product-type.application";
		};
/* End PBXNativeTarget section */

/* Begin PBXProject section */
		AC2950F21E57017200197692 /* Project object */ = {
			isa = PBXProject;
			attributes = {
				LastUpgradeCheck = 0810;
				ORGANIZATIONNAME = "Humberto Krzywy";
				TargetAttributes = {
					AC2950F91E57017200197692 = {
						CreatedOnToolsVersion = 8.1;
						ProvisioningStyle = Automatic;
					};
				};
			};
			buildConfigurationList = AC2950F51E57017200197692 /* Build configuration list for PBXProject "MEUS DADOS" */;
			compatibilityVersion = "Xcode 3.2";
			developmentRegion = English;
			hasScannedForEncodings = 0;
			knownRegions = (
				en,
				Base,
			);
			mainGroup = AC2950F11E57017200197692;
			productRefGroup = AC2950FB1E57017300197692 /* Products */;
			projectDirPath = "";
			projectRoot = "";
			targets = (
				AC2950F91E57017200197692 /* MEUS DADOS */,
			);
		};
/* End PBXProject section */

/* Begin PBXResourcesBuildPhase section */
		AC2950F81E57017200197692 /* Resources */ = {
			isa = PBXResourcesBuildPhase;
			buildActionMask = 2147483647;
			files = (
				AC29510D1E57017300197692 /* LaunchScreen.storyboard in Resources */,
				AC2951151E570E6000197692 /* foto3x4.png in Resources */,
				AC29510A1E57017300197692 /* Assets.xcassets in Resources */,
				AC2951081E57017300197692 /* Main.storyboard in Resources */,
			);
			runOnlyForDeploymentPostprocessing = 0;
		};
/* End PBXResourcesBuildPhase section */

/* Begin PBXSourcesBuildPhase section */
		AC2950F61E57017200197692 /* Sources */ = {
			isa = PBXSourcesBuildPhase;
			buildActionMask = 2147483647;
			files = (
				AC2951051E57017300197692 /* ViewController.m in Sources */,
				AC2951021E57017300197692 /* AppDelegate.m in Sources */,
				AC2950FF1E57017300197692 /* main.m in Sources */,
			);
			runOnlyForDeploymentPostprocessing = 0;
		};
/* End PBXSourcesBuildPhase section */

/* Begin PBXVariantGroup section */
		AC2951061E57017300197692 /* Main.storyboard */ = {
			isa = PBXVariantGroup;
			children = (
				AC2951071E57017300197692 /* Base */,
			);
			name = Main.storyboard;
			sourceTree = "<group>";
		};
		AC29510B1E57017300197692 /* LaunchScreen.storyboard */ = {
			isa = PBXVariantGroup;
			children = (
				AC29510C1E57017300197692 /* Base */,
			);
			name = LaunchScreen.storyboard;
			sourceTree = "<group>";
		};
/* End PBXVariantGroup section */

/* Begin XCBuildConfiguration section */
		AC29510F1E57017300197692 /* Debug */ = {
			isa = XCBuildConfiguration;
			buildSettings = {
				ALWAYS_SEARCH_USER_PATHS = NO;
				CLANG_ANALYZER_NONNULL = YES;
				CLANG_CXX_LANGUAGE_STANDARD = "gnu++0x";
				CLANG_CXX_LIBRARY = "libc++";
				CLANG_ENABLE_MODULES = YES;
				CLANG_ENABLE_OBJC_ARC = YES;
				CLANG_WARN_BOOL_CONVERSION = YES;
				CLANG_WARN_CONSTANT_CONVERSION = YES;
				CLANG_WARN_DIRECT_OBJC_ISA_USAGE = YES_ERROR;
				CLANG_WARN_DOCUMENTATION_COMMENTS = YES;
				CLANG_WARN_EMPTY_BODY = YES;
				CLANG_WARN_ENUM_CONVERSION = YES;
				CLANG_WARN_INFINITE_RECURSION = YES;
				CLANG_WARN_INT_CONVERSION = YES;
				CLANG_WARN_OBJC_ROOT_CLASS = YES_ERROR;
				CLANG_WARN_SUSPICIOUS_MOVES = YES;
				CLANG_WARN_UNREACHABLE_CODE = YES;
				CLANG_WARN__DUPLICATE_METHOD_MATCH = YES;
				"CODE_SIGN_IDENTITY[sdk=iphoneos*]" = "iPhone Developer";
				COPY_PHASE_STRIP = NO;
				DEBUG_INFORMATION_FORMAT = dwarf;
				ENABLE_STRICT_OBJC_MSGSEND = YES;
				ENABLE_TESTABILITY = YES;
				GCC_C_LANGUAGE_STANDARD = gnu99;
				GCC_DYNAMIC_NO_PIC = NO;
				GCC_NO_COMMON_BLOCKS = YES;
				GCC_OPTIMIZATION_LEVEL = 0;
				GCC_PREPROCESSOR_DEFINITIONS = (
					"DEBUG=1",
					"$(inherited)",
				);
				GCC_WARN_64_TO_32_BIT_CONVERSION = YES;
				GCC_WARN_ABOUT_RETURN_TYPE = YES_ERROR;
				GCC_WARN_UNDECLARED_SELECTOR = YES;
				GCC_WARN_UNINITIALIZED_AUTOS = YES_AGGRESSIVE;
				GCC_WARN_UNUSED_FUNCTION = YES;
				GCC_WARN_UNUSED_VARIABLE = YES;
				IPHONEOS_DEPLOYMENT_TARGET = 10.1;
				MTL_ENABLE_DEBUG_INFO = YES;
				ONLY_ACTIVE_ARCH = YES;
				SDKROOT = iphoneos;
			};
			name = Debug;
		};
		AC2951101E57017300197692 /* Release */ = {
			isa = XCBuildConfiguration;
			buildSettings = {
				ALWAYS_SEARCH_USER_PATHS = NO;
				CLANG_ANALYZER_NONNULL = YES;
				CLANG_CXX_LANGUAGE_STANDARD = "gnu++0x";
				CLANG_CXX_LIBRARY = "libc++";
				CLANG_ENABLE_MODULES = YES;
				CLANG_ENABLE_OBJC_ARC = YES;
				CLANG_WARN_BOOL_CONVERSION = YES;
				CLANG_WARN_CONSTANT_CONVERSION = YES;
				CLANG_WARN_DIRECT_OBJC_ISA_USAGE = YES_ERROR;
				CLANG_WARN_DOCUMENTATION_COMMENTS = YES;
				CLANG_WARN_EMPTY_BODY = YES;
				CLANG_WARN_ENUM_CONVERSION = YES;
				CLANG_WARN_INFINITE_RECURSION = YES;
				CLANG_WARN_INT_CONVERSION = YES;
				CLANG_WARN_OBJC_ROOT_CLASS = YES_ERROR;
				CLANG_WARN_SUSPICIOUS_MOVES = YES;
				CLANG_WARN_UNREACHABLE_CODE = YES;
				CLANG_WARN__DUPLICATE_METHOD_MATCH = YES;
				"CODE_SIGN_IDENTITY[sdk=iphoneos*]" = "iPhone Developer";
				COPY_PHASE_STRIP = NO;
				DEBUG_INFORMATION_FORMAT = "dwarf-with-dsym";
				ENABLE_NS_ASSERTIONS = NO;
				ENABLE_STRICT_OBJC_MSGSEND = YES;
				GCC_C_LANGUAGE_STANDARD = gnu99;
				GCC_NO_COMMON_BLOCKS = YES;
				GCC_WARN_64_TO_32_BIT_CONVERSION = YES;
				GCC_WARN_ABOUT_RETURN_TYPE = YES_ERROR;
				GCC_WARN_UNDECLARED_SELECTOR = YES;
				GCC_WARN_UNINITIALIZED_AUTOS = YES_AGGRESSIVE;
				GCC_WARN_UNUSED_FUNCTION = YES;
				GCC_WARN_UNUSED_VARIABLE = YES;
				IPHONEOS_DEPLOYMENT_TARGET = 10.1;
				MTL_ENABLE_DEBUG_INFO = NO;
				SDKROOT = iphoneos;
				VALIDATE_PRODUCT = YES;
			};
			name = Release;
		};
		AC2951121E57017300197692 /* Debug */ = {
			isa = XCBuildConfiguration;
			buildSettings = {
				ASSETCATALOG_COMPILER_APPICON_NAME = AppIcon;
				ASSETCATALOG_COMPILER_LAUNCHIMAGE_NAME = LaunchImage;
				INFOPLIST_FILE = "MEUS DADOS/Info.plist";
				LD_RUNPATH_SEARCH_PATHS = "$(inherited) @executable_path/Frameworks";
				PRODUCT_BUNDLE_IDENTIFIER = "com.jaime.MEUS-DADOS";
				PRODUCT_NAME = "$(TARGET_NAME)";
			};
			name = Debug;
		};
		AC2951131E57017300197692 /* Release */ = {
			isa = XCBuildConfiguration;
			buildSettings = {
				ASSETCATALOG_COMPILER_APPICON_NAME = AppIcon;
				ASSETCATALOG_COMPILER_LAUNCHIMAGE_NAME = LaunchImage;
				INFOPLIST_FILE = "MEUS DADOS/Info.plist";
				LD_RUNPATH_SEARCH_PATHS = "$(inherited) @executable_path/Frameworks";
				PRODUCT_BUNDLE_IDENTIFIER = "com.jaime.MEUS-DADOS";
				PRODUCT_NAME = "$(TARGET_NAME)";
			};
			name = Release;
		};
/* End XCBuildConfiguration section */

/* Begin XCConfigurationList section */
		AC2950F51E57017200197692 /* Build configuration list for PBXProject "MEUS DADOS" */ = {
			isa = XCConfigurationList;
			buildConfigurations = (
				AC29510F1E57017300197692 /* Debug */,
				AC2951101E57017300197692 /* Release */,
			);
			defaultConfigurationIsVisible = 0;
			defaultConfigurationName = Release;
		};
		AC2951111E57017300197692 /* Build configuration list for PBXNativeTarget "MEUS DADOS" */ = {
			isa = XCConfigurationList;
			buildConfigurations = (
				AC2951121E57017300197692 /* Debug */,
				AC2951131E57017300197692 /* Release */,
			);
			defaultConfigurationIsVisible = 0;
			defaultConfigurationName = Release;
		};
/* End XCConfigurationList section */
	};
	rootObject = AC2950F21E57017200197692 /* Project object */;
}
